// !$*UTF8*$!
{
	archiveVersion = 1;
	classes = {
	};
	objectVersion = 46;
	objects = {

/* Begin PBXBuildFile section */
		A70F71AD1A3E186A0000073A /* OpenAL.framework in Frameworks */ = {isa = PBXBuildFile; fileRef = A70F71AC1A3E186A0000073A /* OpenAL.framework */; };
		A70F71AF1A3E19730000073A /* MediaLibrary.framework in Frameworks */ = {isa = PBXBuildFile; fileRef = A70F71AE1A3E19730000073A /* MediaLibrary.framework */; };
		A70F71B21A3E19E50000073A /* AudioPlayer.cpp in Sources */ = {isa = PBXBuildFile; fileRef = A70F71B01A3E19E50000073A /* AudioPlayer.cpp */; };
		A70F71B41A3E1A000000073A /* AudioToolbox.framework in Frameworks */ = {isa = PBXBuildFile; fileRef = A70F71B31A3E1A000000073A /* AudioToolbox.framework */; };
		A70F71B61A3E1A0F0000073A /* CoreFoundation.framework in Frameworks */ = {isa = PBXBuildFile; fileRef = A70F71B51A3E1A0F0000073A /* CoreFoundation.framework */; };
		A70F71B81A3E1ABF0000073A /* song.mp3 in Copy Files (2 items) */ = {isa = PBXBuildFile; fileRef = A70F71B71A3E1AB70000073A /* song.mp3 */; };
		A74734E61A3A5C5400981BBE /* cube.obj in Copy Files (2 items) */ = {isa = PBXBuildFile; fileRef = A74734E41A3A5C4D00981BBE /* cube.obj */; };
		A74734E71A3A5C5400981BBE /* uvmap.DDS in Copy Files (2 items) */ = {isa = PBXBuildFile; fileRef = A74734E51A3A5C4D00981BBE /* uvmap.DDS */; };
		A74734F71A3A779700981BBE /* wooden-box.bmp in Copy Files (2 items) */ = {isa = PBXBuildFile; fileRef = A74734F61A3A778F00981BBE /* wooden-box.bmp */; };
		A74734F91A3A78BC00981BBE /* boxDanger.bmp in Copy Files (2 items) */ = {isa = PBXBuildFile; fileRef = A74734F81A3A78B100981BBE /* boxDanger.bmp */; };
		A74EC95A1A3A804A00C74FBC /* box.bmp in Copy Files (2 items) */ = {isa = PBXBuildFile; fileRef = A74EC9591A3A804200C74FBC /* box.bmp */; };
		A74EC95C1A3A815500C74FBC /* grass.bmp in Copy Files (2 items) */ = {isa = PBXBuildFile; fileRef = A74EC95B1A3A814D00C74FBC /* grass.bmp */; };
		A74EC96C1A3AE80A00C74FBC /* objloader.cpp in Sources */ = {isa = PBXBuildFile; fileRef = A74734E11A3A577700981BBE /* objloader.cpp */; };
		A74EC96D1A3AE80A00C74FBC /* InitShader.cpp in Sources */ = {isa = PBXBuildFile; fileRef = A70259EA1A188A540082689B /* InitShader.cpp */; };
		A74EC96E1A3AE80A00C74FBC /* BouncingBall.cpp in Sources */ = {isa = PBXBuildFile; fileRef = A7EAE51E1A17ED0000C70476 /* BouncingBall.cpp */; };
		A74EC96F1A3AE80A00C74FBC /* Game.cpp in Sources */ = {isa = PBXBuildFile; fileRef = A7EAE5201A17ED3A00C70476 /* Game.cpp */; };
		A74EC9701A3AE80A00C74FBC /* Room.cpp in Sources */ = {isa = PBXBuildFile; fileRef = A79188281A1B9BEC002CE0DD /* Room.cpp */; };
		A74EC9711A3AE80A00C74FBC /* Sphere.cpp in Sources */ = {isa = PBXBuildFile; fileRef = A7E320171A2515B70038722B /* Sphere.cpp */; };
		A74EC9721A3AE80A00C74FBC /* Texture.cpp in Sources */ = {isa = PBXBuildFile; fileRef = A7E1B3A51A3A08540036071A /* Texture.cpp */; };
		A79188261A1B8BB1002CE0DD /* vshader.glsl in Copy Files (2 items) */ = {isa = PBXBuildFile; fileRef = A79188241A1B8AB4002CE0DD /* vshader.glsl */; };
		A79188271A1B8BB1002CE0DD /* fshader.glsl in Copy Files (2 items) */ = {isa = PBXBuildFile; fileRef = A79188251A1B8AB4002CE0DD /* fshader.glsl */; };
		A7C940C41A401C2C005F8A28 /* music.mp3 in Copy Files (2 items) */ = {isa = PBXBuildFile; fileRef = A7C940C31A401C1F005F8A28 /* music.mp3 */; };
		A7E1B3A91A3A14030036071A /* uvtemplate.bmp in Copy Files (2 items) */ = {isa = PBXBuildFile; fileRef = A7E1B3A81A3A13EA0036071A /* uvtemplate.bmp */; };
		A7E1B3AB1A3A1FC30036071A /* img.bmp in Copy Files (2 items) */ = {isa = PBXBuildFile; fileRef = A7E1B3AA1A3A1F810036071A /* img.bmp */; };
		A7EAE5121A17EAD700C70476 /* GLUT.framework in Frameworks */ = {isa = PBXBuildFile; fileRef = A7EAE5111A17EAD700C70476 /* GLUT.framework */; };
		A7EAE5141A17EADB00C70476 /* OpenGL.framework in Frameworks */ = {isa = PBXBuildFile; fileRef = A7EAE5131A17EADB00C70476 /* OpenGL.framework */; };
/* End PBXBuildFile section */

/* Begin PBXCopyFilesBuildPhase section */
		A7EAE5051A17EAAF00C70476 /* Copy Files (2 items) */ = {
			isa = PBXCopyFilesBuildPhase;
			buildActionMask = 12;
			dstPath = "";
			dstSubfolderSpec = 16;
			files = (
				A7C940C41A401C2C005F8A28 /* music.mp3 in Copy Files (2 items) */,
				A70F71B81A3E1ABF0000073A /* song.mp3 in Copy Files (2 items) */,
				A74EC95C1A3A815500C74FBC /* grass.bmp in Copy Files (2 items) */,
				A74EC95A1A3A804A00C74FBC /* box.bmp in Copy Files (2 items) */,
				A74734F91A3A78BC00981BBE /* boxDanger.bmp in Copy Files (2 items) */,
				A74734F71A3A779700981BBE /* wooden-box.bmp in Copy Files (2 items) */,
				A74734E61A3A5C5400981BBE /* cube.obj in Copy Files (2 items) */,
				A74734E71A3A5C5400981BBE /* uvmap.DDS in Copy Files (2 items) */,
				A7E1B3AB1A3A1FC30036071A /* img.bmp in Copy Files (2 items) */,
				A7E1B3A91A3A14030036071A /* uvtemplate.bmp in Copy Files (2 items) */,
				A79188261A1B8BB1002CE0DD /* vshader.glsl in Copy Files (2 items) */,
				A79188271A1B8BB1002CE0DD /* fshader.glsl in Copy Files (2 items) */,
			);
			name = "Copy Files (2 items)";
			runOnlyForDeploymentPostprocessing = 0;
		};
/* End PBXCopyFilesBuildPhase section */

/* Begin PBXFileReference section */
		A70259E61A1812980082689B /* mat.h */ = {isa = PBXFileReference; lastKnownFileType = sourcecode.c.h; path = mat.h; sourceTree = "<group>"; };
		A70259E71A1812980082689B /* vec.h */ = {isa = PBXFileReference; lastKnownFileType = sourcecode.c.h; path = vec.h; sourceTree = "<group>"; };
		A70259E91A188A380082689B /* Angel.h */ = {isa = PBXFileReference; lastKnownFileType = sourcecode.c.h; path = Angel.h; sourceTree = "<group>"; };
		A70259EA1A188A540082689B /* InitShader.cpp */ = {isa = PBXFileReference; fileEncoding = 4; lastKnownFileType = sourcecode.cpp.cpp; path = InitShader.cpp; sourceTree = "<group>"; };
		A70F71AC1A3E186A0000073A /* OpenAL.framework */ = {isa = PBXFileReference; lastKnownFileType = wrapper.framework; name = OpenAL.framework; path = System/Library/Frameworks/OpenAL.framework; sourceTree = SDKROOT; };
		A70F71AE1A3E19730000073A /* MediaLibrary.framework */ = {isa = PBXFileReference; lastKnownFileType = wrapper.framework; name = MediaLibrary.framework; path = System/Library/Frameworks/MediaLibrary.framework; sourceTree = SDKROOT; };
		A70F71B01A3E19E50000073A /* AudioPlayer.cpp */ = {isa = PBXFileReference; fileEncoding = 4; lastKnownFileType = sourcecode.cpp.cpp; path = AudioPlayer.cpp; sourceTree = "<group>"; };
		A70F71B11A3E19E50000073A /* AudioPlayer.h */ = {isa = PBXFileReference; fileEncoding = 4; lastKnownFileType = sourcecode.c.h; path = AudioPlayer.h; sourceTree = "<group>"; };
		A70F71B31A3E1A000000073A /* AudioToolbox.framework */ = {isa = PBXFileReference; lastKnownFileType = wrapper.framework; name = AudioToolbox.framework; path = System/Library/Frameworks/AudioToolbox.framework; sourceTree = SDKROOT; };
		A70F71B51A3E1A0F0000073A /* CoreFoundation.framework */ = {isa = PBXFileReference; lastKnownFileType = wrapper.framework; name = CoreFoundation.framework; path = System/Library/Frameworks/CoreFoundation.framework; sourceTree = SDKROOT; };
		A70F71B71A3E1AB70000073A /* song.mp3 */ = {isa = PBXFileReference; lastKnownFileType = audio.mp3; path = song.mp3; sourceTree = "<group>"; };
		A74734E11A3A577700981BBE /* objloader.cpp */ = {isa = PBXFileReference; fileEncoding = 4; lastKnownFileType = sourcecode.cpp.cpp; path = objloader.cpp; sourceTree = "<group>"; };
		A74734E21A3A577700981BBE /* objloader.hpp */ = {isa = PBXFileReference; fileEncoding = 4; lastKnownFileType = sourcecode.cpp.h; path = objloader.hpp; sourceTree = "<group>"; };
		A74734E41A3A5C4D00981BBE /* cube.obj */ = {isa = PBXFileReference; lastKnownFileType = text; path = cube.obj; sourceTree = "<group>"; };
		A74734E51A3A5C4D00981BBE /* uvmap.DDS */ = {isa = PBXFileReference; lastKnownFileType = file; path = uvmap.DDS; sourceTree = "<group>"; };
		A74734F61A3A778F00981BBE /* wooden-box.bmp */ = {isa = PBXFileReference; lastKnownFileType = image.bmp; path = "wooden-box.bmp"; sourceTree = "<group>"; };
		A74734F81A3A78B100981BBE /* boxDanger.bmp */ = {isa = PBXFileReference; lastKnownFileType = image.bmp; path = boxDanger.bmp; sourceTree = "<group>"; };
		A74EC9591A3A804200C74FBC /* box.bmp */ = {isa = PBXFileReference; lastKnownFileType = image.bmp; path = box.bmp; sourceTree = "<group>"; };
		A74EC95B1A3A814D00C74FBC /* grass.bmp */ = {isa = PBXFileReference; lastKnownFileType = image.bmp; path = grass.bmp; sourceTree = "<group>"; };
		A79188241A1B8AB4002CE0DD /* vshader.glsl */ = {isa = PBXFileReference; explicitFileType = sourcecode.glsl; path = vshader.glsl; sourceTree = "<group>"; };
		A79188251A1B8AB4002CE0DD /* fshader.glsl */ = {isa = PBXFileReference; explicitFileType = sourcecode.glsl; path = fshader.glsl; sourceTree = "<group>"; };
		A79188281A1B9BEC002CE0DD /* Room.cpp */ = {isa = PBXFileReference; fileEncoding = 4; lastKnownFileType = sourcecode.cpp.cpp; path = Room.cpp; sourceTree = "<group>"; };
		A79188291A1B9BEC002CE0DD /* Room.h */ = {isa = PBXFileReference; fileEncoding = 4; lastKnownFileType = sourcecode.c.h; path = Room.h; sourceTree = "<group>"; };
		A7C940C31A401C1F005F8A28 /* music.mp3 */ = {isa = PBXFileReference; lastKnownFileType = audio.mp3; path = music.mp3; sourceTree = "<group>"; };
		A7E1B3A51A3A08540036071A /* Texture.cpp */ = {isa = PBXFileReference; fileEncoding = 4; lastKnownFileType = sourcecode.cpp.cpp; path = Texture.cpp; sourceTree = "<group>"; };
		A7E1B3A61A3A08540036071A /* Texture.h */ = {isa = PBXFileReference; fileEncoding = 4; lastKnownFileType = sourcecode.c.h; path = Texture.h; sourceTree = "<group>"; };
		A7E1B3A81A3A13EA0036071A /* uvtemplate.bmp */ = {isa = PBXFileReference; lastKnownFileType = image.bmp; path = uvtemplate.bmp; sourceTree = "<group>"; };
		A7E1B3AA1A3A1F810036071A /* img.bmp */ = {isa = PBXFileReference; lastKnownFileType = image.bmp; path = img.bmp; sourceTree = "<group>"; };
		A7E320171A2515B70038722B /* Sphere.cpp */ = {isa = PBXFileReference; fileEncoding = 4; lastKnownFileType = sourcecode.cpp.cpp; path = Sphere.cpp; sourceTree = "<group>"; };
		A7E320181A2515B70038722B /* Sphere.h */ = {isa = PBXFileReference; fileEncoding = 4; lastKnownFileType = sourcecode.c.h; path = Sphere.h; sourceTree = "<group>"; };
		A7EAE5071A17EAAF00C70476 /* _3DBouncingball */ = {isa = PBXFileReference; explicitFileType = "compiled.mach-o.executable"; includeInIndex = 0; path = _3DBouncingball; sourceTree = BUILT_PRODUCTS_DIR; };
		A7EAE5111A17EAD700C70476 /* GLUT.framework */ = {isa = PBXFileReference; lastKnownFileType = wrapper.framework; name = GLUT.framework; path = System/Library/Frameworks/GLUT.framework; sourceTree = SDKROOT; };
		A7EAE5131A17EADB00C70476 /* OpenGL.framework */ = {isa = PBXFileReference; lastKnownFileType = wrapper.framework; name = OpenGL.framework; path = System/Library/Frameworks/OpenGL.framework; sourceTree = SDKROOT; };
		A7EAE51E1A17ED0000C70476 /* BouncingBall.cpp */ = {isa = PBXFileReference; fileEncoding = 4; lastKnownFileType = sourcecode.cpp.cpp; path = BouncingBall.cpp; sourceTree = "<group>"; };
		A7EAE5201A17ED3A00C70476 /* Game.cpp */ = {isa = PBXFileReference; fileEncoding = 4; lastKnownFileType = sourcecode.cpp.cpp; path = Game.cpp; sourceTree = "<group>"; };
		A7EAE5211A17ED3A00C70476 /* Game.h */ = {isa = PBXFileReference; fileEncoding = 4; lastKnownFileType = sourcecode.c.h; path = Game.h; sourceTree = "<group>"; };
		A7EAE5291A17EDA200C70476 /* Constants.h */ = {isa = PBXFileReference; lastKnownFileType = sourcecode.c.h; path = Constants.h; sourceTree = "<group>"; };
/* End PBXFileReference section */

/* Begin PBXFrameworksBuildPhase section */
		A7EAE5041A17EAAF00C70476 /* Frameworks */ = {
			isa = PBXFrameworksBuildPhase;
			buildActionMask = 2147483647;
			files = (
				A70F71B61A3E1A0F0000073A /* CoreFoundation.framework in Frameworks */,
				A70F71B41A3E1A000000073A /* AudioToolbox.framework in Frameworks */,
				A70F71AF1A3E19730000073A /* MediaLibrary.framework in Frameworks */,
				A70F71AD1A3E186A0000073A /* OpenAL.framework in Frameworks */,
				A7EAE5141A17EADB00C70476 /* OpenGL.framework in Frameworks */,
				A7EAE5121A17EAD700C70476 /* GLUT.framework in Frameworks */,
			);
			runOnlyForDeploymentPostprocessing = 0;
		};
/* End PBXFrameworksBuildPhase section */

/* Begin PBXGroup section */
		A70259E81A1812D50082689B /* E-libs */ = {
			isa = PBXGroup;
			children = (
				A70259E91A188A380082689B /* Angel.h */,
				A70259E61A1812980082689B /* mat.h */,
				A70259E71A1812980082689B /* vec.h */,
			);
			name = "E-libs";
			sourceTree = "<group>";
		};
		A7EAE4FE1A17EAAF00C70476 = {
			isa = PBXGroup;
			children = (
				A70F71B51A3E1A0F0000073A /* CoreFoundation.framework */,
				A70F71B31A3E1A000000073A /* AudioToolbox.framework */,
				A70F71AE1A3E19730000073A /* MediaLibrary.framework */,
				A70F71AC1A3E186A0000073A /* OpenAL.framework */,
				A7EAE5131A17EADB00C70476 /* OpenGL.framework */,
				A7EAE5111A17EAD700C70476 /* GLUT.framework */,
				A7EAE5091A17EAAF00C70476 /* _3DBouncingball */,
				A7EAE5081A17EAAF00C70476 /* Products */,
			);
			sourceTree = "<group>";
		};
		A7EAE5081A17EAAF00C70476 /* Products */ = {
			isa = PBXGroup;
			children = (
				A7EAE5071A17EAAF00C70476 /* _3DBouncingball */,
			);
			name = Products;
			sourceTree = "<group>";
		};
		A7EAE5091A17EAAF00C70476 /* _3DBouncingball */ = {
			isa = PBXGroup;
			children = (
				A7C940C31A401C1F005F8A28 /* music.mp3 */,
				A70F71B71A3E1AB70000073A /* song.mp3 */,
				A74EC95B1A3A814D00C74FBC /* grass.bmp */,
				A74EC9591A3A804200C74FBC /* box.bmp */,
				A74734F81A3A78B100981BBE /* boxDanger.bmp */,
				A74734E11A3A577700981BBE /* objloader.cpp */,
				A74734E21A3A577700981BBE /* objloader.hpp */,
				A7E1B3AA1A3A1F810036071A /* img.bmp */,
				A74734F61A3A778F00981BBE /* wooden-box.bmp */,
				A7EAE5191A17EB3F00C70476 /* Resources */,
				A7EAE51E1A17ED0000C70476 /* BouncingBall.cpp */,
				A7EAE5211A17ED3A00C70476 /* Game.h */,
				A7EAE5201A17ED3A00C70476 /* Game.cpp */,
				A79188291A1B9BEC002CE0DD /* Room.h */,
				A79188281A1B9BEC002CE0DD /* Room.cpp */,
				A7E320181A2515B70038722B /* Sphere.h */,
				A7E320171A2515B70038722B /* Sphere.cpp */,
				A7E1B3A61A3A08540036071A /* Texture.h */,
				A7E1B3A51A3A08540036071A /* Texture.cpp */,
				A70F71B01A3E19E50000073A /* AudioPlayer.cpp */,
				A70F71B11A3E19E50000073A /* AudioPlayer.h */,
			);
			path = _3DBouncingball;
			sourceTree = "<group>";
		};
		A7EAE5191A17EB3F00C70476 /* Resources */ = {
			isa = PBXGroup;
			children = (
				A74734E41A3A5C4D00981BBE /* cube.obj */,
				A74734E51A3A5C4D00981BBE /* uvmap.DDS */,
				A7E1B3A81A3A13EA0036071A /* uvtemplate.bmp */,
				A7EAE5291A17EDA200C70476 /* Constants.h */,
				A70259E81A1812D50082689B /* E-libs */,
				A7EAE51A1A17EB4700C70476 /* Shaders */,
			);
			name = Resources;
			sourceTree = "<group>";
		};
		A7EAE51A1A17EB4700C70476 /* Shaders */ = {
			isa = PBXGroup;
			children = (
				A79188241A1B8AB4002CE0DD /* vshader.glsl */,
				A79188251A1B8AB4002CE0DD /* fshader.glsl */,
				A70259EA1A188A540082689B /* InitShader.cpp */,
			);
			name = Shaders;
			sourceTree = "<group>";
		};
/* End PBXGroup section */

/* Begin PBXNativeTarget section */
		A7EAE5061A17EAAF00C70476 /* _3DBouncingball */ = {
			isa = PBXNativeTarget;
			buildConfigurationList = A7EAE50E1A17EAAF00C70476 /* Build configuration list for PBXNativeTarget "_3DBouncingball" */;
			buildPhases = (
				A7EAE5031A17EAAF00C70476 /* Sources */,
				A7EAE5041A17EAAF00C70476 /* Frameworks */,
				A7EAE5051A17EAAF00C70476 /* Copy Files (2 items) */,
			);
			buildRules = (
			);
			dependencies = (
			);
			name = _3DBouncingball;
			productName = _3DBouncingball;
			productReference = A7EAE5071A17EAAF00C70476 /* _3DBouncingball */;
			productType = "com.apple.product-type.tool";
		};
/* End PBXNativeTarget section */

/* Begin PBXProject section */
		A7EAE4FF1A17EAAF00C70476 /* Project object */ = {
			isa = PBXProject;
			attributes = {
				LastUpgradeCheck = 0610;
				ORGANIZATIONNAME = "Ahmed Mohamed Fareed";
				TargetAttributes = {
					A7EAE5061A17EAAF00C70476 = {
						CreatedOnToolsVersion = 6.1;
					};
				};
			};
			buildConfigurationList = A7EAE5021A17EAAF00C70476 /* Build configuration list for PBXProject "_3DBouncingball" */;
			compatibilityVersion = "Xcode 3.2";
			developmentRegion = English;
			hasScannedForEncodings = 0;
			knownRegions = (
				en,
			);
			mainGroup = A7EAE4FE1A17EAAF00C70476;
			productRefGroup = A7EAE5081A17EAAF00C70476 /* Products */;
			projectDirPath = "";
			projectRoot = "";
			targets = (
				A7EAE5061A17EAAF00C70476 /* _3DBouncingball */,
			);
		};
/* End PBXProject section */

/* Begin PBXSourcesBuildPhase section */
		A7EAE5031A17EAAF00C70476 /* Sources */ = {
			isa = PBXSourcesBuildPhase;
			buildActionMask = 2147483647;
			files = (
				A74EC9701A3AE80A00C74FBC /* Room.cpp in Sources */,
				A74EC96C1A3AE80A00C74FBC /* objloader.cpp in Sources */,
				A74EC9711A3AE80A00C74FBC /* Sphere.cpp in Sources */,
				A74EC96F1A3AE80A00C74FBC /* Game.cpp in Sources */,
				A74EC96D1A3AE80A00C74FBC /* InitShader.cpp in Sources */,
				A74EC9721A3AE80A00C74FBC /* Texture.cpp in Sources */,
				A74EC96E1A3AE80A00C74FBC /* BouncingBall.cpp in Sources */,
				A70F71B21A3E19E50000073A /* AudioPlayer.cpp in Sources */,
			);
			runOnlyForDeploymentPostprocessing = 0;
		};
/* End PBXSourcesBuildPhase section */

/* Begin XCBuildConfiguration section */
		A7EAE50C1A17EAAF00C70476 /* Debug */ = {
			isa = XCBuildConfiguration;
			buildSettings = {
				ALWAYS_SEARCH_USER_PATHS = NO;
				CLANG_CXX_LANGUAGE_STANDARD = "gnu++0x";
				CLANG_CXX_LIBRARY = "libc++";
				CLANG_ENABLE_MODULES = YES;
				CLANG_ENABLE_OBJC_ARC = YES;
				CLANG_WARN_BOOL_CONVERSION = YES;
				CLANG_WARN_CONSTANT_CONVERSION = YES;
				CLANG_WARN_DIRECT_OBJC_ISA_USAGE = YES_ERROR;
				CLANG_WARN_EMPTY_BODY = YES;
				CLANG_WARN_ENUM_CONVERSION = YES;
				CLANG_WARN_INT_CONVERSION = YES;
				CLANG_WARN_OBJC_ROOT_CLASS = YES_ERROR;
				CLANG_WARN_UNREACHABLE_CODE = YES;
				CLANG_WARN__DUPLICATE_METHOD_MATCH = YES;
				COPY_PHASE_STRIP = NO;
				ENABLE_STRICT_OBJC_MSGSEND = YES;
				GCC_C_LANGUAGE_STANDARD = gnu99;
				GCC_DYNAMIC_NO_PIC = NO;
				GCC_OPTIMIZATION_LEVEL = 0;
				GCC_PREPROCESSOR_DEFINITIONS = (
					"DEBUG=1",
					"$(inherited)",
				);
				GCC_SYMBOLS_PRIVATE_EXTERN = NO;
				GCC_WARN_64_TO_32_BIT_CONVERSION = YES;
				GCC_WARN_ABOUT_RETURN_TYPE = YES_ERROR;
				GCC_WARN_UNDECLARED_SELECTOR = YES;
				GCC_WARN_UNINITIALIZED_AUTOS = YES_AGGRESSIVE;
				GCC_WARN_UNUSED_FUNCTION = YES;
				GCC_WARN_UNUSED_VARIABLE = YES;
				MACOSX_DEPLOYMENT_TARGET = 10.8;
				MTL_ENABLE_DEBUG_INFO = YES;
				ONLY_ACTIVE_ARCH = YES;
				SDKROOT = macosx;
			};
			name = Debug;
		};
		A7EAE50D1A17EAAF00C70476 /* Release */ = {
			isa = XCBuildConfiguration;
			buildSettings = {
				ALWAYS_SEARCH_USER_PATHS = NO;
				CLANG_CXX_LANGUAGE_STANDARD = "gnu++0x";
				CLANG_CXX_LIBRARY = "libc++";
				CLANG_ENABLE_MODULES = YES;
				CLANG_ENABLE_OBJC_ARC = YES;
				CLANG_WARN_BOOL_CONVERSION = YES;
				CLANG_WARN_CONSTANT_CONVERSION = YES;
				CLANG_WARN_DIRECT_OBJC_ISA_USAGE = YES_ERROR;
				CLANG_WARN_EMPTY_BODY = YES;
				CLANG_WARN_ENUM_CONVERSION = YES;
				CLANG_WARN_INT_CONVERSION = YES;
				CLANG_WARN_OBJC_ROOT_CLASS = YES_ERROR;
				CLANG_WARN_UNREACHABLE_CODE = YES;
				CLANG_WARN__DUPLICATE_METHOD_MATCH = YES;
				COPY_PHASE_STRIP = YES;
				DEBUG_INFORMATION_FORMAT = "dwarf-with-dsym";
				ENABLE_NS_ASSERTIONS = NO;
				ENABLE_STRICT_OBJC_MSGSEND = YES;
				GCC_C_LANGUAGE_STANDARD = gnu99;
				GCC_WARN_64_TO_32_BIT_CONVERSION = YES;
				GCC_WARN_ABOUT_RETURN_TYPE = YES_ERROR;
				GCC_WARN_UNDECLARED_SELECTOR = YES;
				GCC_WARN_UNINITIALIZED_AUTOS = YES_AGGRESSIVE;
				GCC_WARN_UNUSED_FUNCTION = YES;
				GCC_WARN_UNUSED_VARIABLE = YES;
				MACOSX_DEPLOYMENT_TARGET = 10.8;
				MTL_ENABLE_DEBUG_INFO = NO;
				SDKROOT = macosx;
			};
			name = Release;
		};
		A7EAE50F1A17EAAF00C70476 /* Debug */ = {
			isa = XCBuildConfiguration;
			buildSettings = {
				LIBRARY_SEARCH_PATHS = (
					"$(inherited)",
					"$(PROJECT_DIR)",
				);
				PRODUCT_NAME = "$(TARGET_NAME)";
			};
			name = Debug;
		};
		A7EAE5101A17EAAF00C70476 /* Release */ = {
			isa = XCBuildConfiguration;
			buildSettings = {
				LIBRARY_SEARCH_PATHS = (
					"$(inherited)",
					"$(PROJECT_DIR)",
				);
				PRODUCT_NAME = "$(TARGET_NAME)";
			};
			name = Release;
		};
/* End XCBuildConfiguration section */

/* Begin XCConfigurationList section */
		A7EAE5021A17EAAF00C70476 /* Build configuration list for PBXProject "_3DBouncingball" */ = {
			isa = XCConfigurationList;
			buildConfigurations = (
				A7EAE50C1A17EAAF00C70476 /* Debug */,
				A7EAE50D1A17EAAF00C70476 /* Release */,
			);
			defaultConfigurationIsVisible = 0;
			defaultConfigurationName = Release;
		};
		A7EAE50E1A17EAAF00C70476 /* Build configuration list for PBXNativeTarget "_3DBouncingball" */ = {
			isa = XCConfigurationList;
			buildConfigurations = (
				A7EAE50F1A17EAAF00C70476 /* Debug */,
				A7EAE5101A17EAAF00C70476 /* Release */,
			);
			defaultConfigurationIsVisible = 0;
			defaultConfigurationName = Release;
		};
/* End XCConfigurationList section */
	};
	rootObject = A7EAE4FF1A17EAAF00C70476 /* Project object */;
}
