// !$*UTF8*$!
{
	archiveVersion = 1;
	classes = {
	};
	objectVersion = 46;
	objects = {

/* Begin PBXBuildFile section */
		A7EAE50B1A17EAAF00C70476 /* main.cpp in Sources */ = {isa = PBXBuildFile; fileRef = A7EAE50A1A17EAAF00C70476 /* main.cpp */; };
/* End PBXBuildFile section */

/* Begin PBXCopyFilesBuildPhase section */
		A7EAE5051A17EAAF00C70476 /* CopyFiles */ = {
			isa = PBXCopyFilesBuildPhase;
			buildActionMask = 2147483647;
			dstPath = /usr/share/man/man1/;
			dstSubfolderSpec = 0;
			files = (
			);
			runOnlyForDeploymentPostprocessing = 1;
		};
/* End PBXCopyFilesBuildPhase section */

/* Begin PBXFileReference section */
		A7EAE5071A17EAAF00C70476 /* _3DBouncingball */ = {isa = PBXFileReference; explicitFileType = "compiled.mach-o.executable"; includeInIndex = 0; path = _3DBouncingball; sourceTree = BUILT_PRODUCTS_DIR; };
		A7EAE50A1A17EAAF00C70476 /* main.cpp */ = {isa = PBXFileReference; lastKnownFileType = sourcecode.cpp.cpp; path = main.cpp; sourceTree = "<group>"; };
/* End PBXFileReference section */

/* Begin PBXFrameworksBuildPhase section */
		A7EAE5041A17EAAF00C70476 /* Frameworks */ = {
			isa = PBXFrameworksBuildPhase;
			buildActionMask = 2147483647;
			files = (
			);
			runOnlyForDeploymentPostprocessing = 0;
		};
/* End PBXFrameworksBuildPhase section */

/* Begin PBXGroup section */
		A7EAE4FE1A17EAAF00C70476 = {
			isa = PBXGroup;
			children = (
				A7EAE5091A17EAAF00C70476 /* _3DBouncingball */,
				A7EAE5081A17EAAF00C70476 /* Products */,
			);
			sourceTree = "<group>";
		};
		A7EAE5081A17EAAF00C70476 /* Products */ = {
			isa = PBXGroup;
			children = (
				A7EAE5071A17EAAF00C70476 /* _3DBouncingball */,
			);
			name = Products;
			sourceTree = "<group>";
		};
		A7EAE5091A17EAAF00C70476 /* _3DBouncingball */ = {
			isa = PBXGroup;
			children = (
				A7EAE50A1A17EAAF00C70476 /* main.cpp */,
			);
			path = _3DBouncingball;
			sourceTree = "<group>";
		};
/* End PBXGroup section */

/* Begin PBXNativeTarget section */
		A7EAE5061A17EAAF00C70476 /* _3DBouncingball */ = {
			isa = PBXNativeTarget;
			buildConfigurationList = A7EAE50E1A17EAAF00C70476 /* Build configuration list for PBXNativeTarget "_3DBouncingball" */;
			buildPhases = (
				A7EAE5031A17EAAF00C70476 /* Sources */,
				A7EAE5041A17EAAF00C70476 /* Frameworks */,
				A7EAE5051A17EAAF00C70476 /* CopyFiles */,
			);
			buildRules = (
			);
			dependencies = (
			);
			name = _3DBouncingball;
			productName = _3DBouncingball;
			productReference = A7EAE5071A17EAAF00C70476 /* _3DBouncingball */;
			productType = "com.apple.product-type.tool";
		};
/* End PBXNativeTarget section */

/* Begin PBXProject section */
		A7EAE4FF1A17EAAF00C70476 /* Project object */ = {
			isa = PBXProject;
			attributes = {
				LastUpgradeCheck = 0610;
				ORGANIZATIONNAME = "Ahmed Mohamed Fareed";
				TargetAttributes = {
					A7EAE5061A17EAAF00C70476 = {
						CreatedOnToolsVersion = 6.1;
					};
				};
			};
			buildConfigurationList = A7EAE5021A17EAAF00C70476 /* Build configuration list for PBXProject "_3DBouncingball" */;
			compatibilityVersion = "Xcode 3.2";
			developmentRegion = English;
			hasScannedForEncodings = 0;
			knownRegions = (
				en,
			);
			mainGroup = A7EAE4FE1A17EAAF00C70476;
			productRefGroup = A7EAE5081A17EAAF00C70476 /* Products */;
			projectDirPath = "";
			projectRoot = "";
			targets = (
				A7EAE5061A17EAAF00C70476 /* _3DBouncingball */,
			);
		};
/* End PBXProject section */

/* Begin PBXSourcesBuildPhase section */
		A7EAE5031A17EAAF00C70476 /* Sources */ = {
			isa = PBXSourcesBuildPhase;
			buildActionMask = 2147483647;
			files = (
				A7EAE50B1A17EAAF00C70476 /* main.cpp in Sources */,
			);
			runOnlyForDeploymentPostprocessing = 0;
		};
/* End PBXSourcesBuildPhase section */

/* Begin XCBuildConfiguration section */
		A7EAE50C1A17EAAF00C70476 /* Debug */ = {
			isa = XCBuildConfiguration;
			buildSettings = {
				ALWAYS_SEARCH_USER_PATHS = NO;
				CLANG_CXX_LANGUAGE_STANDARD = "gnu++0x";
				CLANG_CXX_LIBRARY = "libc++";
				CLANG_ENABLE_MODULES = YES;
				CLANG_ENABLE_OBJC_ARC = YES;
				CLANG_WARN_BOOL_CONVERSION = YES;
				CLANG_WARN_CONSTANT_CONVERSION = YES;
				CLANG_WARN_DIRECT_OBJC_ISA_USAGE = YES_ERROR;
				CLANG_WARN_EMPTY_BODY = YES;
				CLANG_WARN_ENUM_CONVERSION = YES;
				CLANG_WARN_INT_CONVERSION = YES;
				CLANG_WARN_OBJC_ROOT_CLASS = YES_ERROR;
				CLANG_WARN_UNREACHABLE_CODE = YES;
				CLANG_WARN__DUPLICATE_METHOD_MATCH = YES;
				COPY_PHASE_STRIP = NO;
				ENABLE_STRICT_OBJC_MSGSEND = YES;
				GCC_C_LANGUAGE_STANDARD = gnu99;
				GCC_DYNAMIC_NO_PIC = NO;
				GCC_OPTIMIZATION_LEVEL = 0;
				GCC_PREPROCESSOR_DEFINITIONS = (
					"DEBUG=1",
					"$(inherited)",
				);
				GCC_SYMBOLS_PRIVATE_EXTERN = NO;
				GCC_WARN_64_TO_32_BIT_CONVERSION = YES;
				GCC_WARN_ABOUT_RETURN_TYPE = YES_ERROR;
				GCC_WARN_UNDECLARED_SELECTOR = YES;
				GCC_WARN_UNINITIALIZED_AUTOS = YES_AGGRESSIVE;
				GCC_WARN_UNUSED_FUNCTION = YES;
				GCC_WARN_UNUSED_VARIABLE = YES;
				MACOSX_DEPLOYMENT_TARGET = 10.10;
				MTL_ENABLE_DEBUG_INFO = YES;
				ONLY_ACTIVE_ARCH = YES;
				SDKROOT = macosx;
			};
			name = Debug;
		};
		A7EAE50D1A17EAAF00C70476 /* Release */ = {
			isa = XCBuildConfiguration;
			buildSettings = {
				ALWAYS_SEARCH_USER_PATHS = NO;
				CLANG_CXX_LANGUAGE_STANDARD = "gnu++0x";
				CLANG_CXX_LIBRARY = "libc++";
				CLANG_ENABLE_MODULES = YES;
				CLANG_ENABLE_OBJC_ARC = YES;
				CLANG_WARN_BOOL_CONVERSION = YES;
				CLANG_WARN_CONSTANT_CONVERSION = YES;
				CLANG_WARN_DIRECT_OBJC_ISA_USAGE = YES_ERROR;
				CLANG_WARN_EMPTY_BODY = YES;
				CLANG_WARN_ENUM_CONVERSION = YES;
				CLANG_WARN_INT_CONVERSION = YES;
				CLANG_WARN_OBJC_ROOT_CLASS = YES_ERROR;
				CLANG_WARN_UNREACHABLE_CODE = YES;
				CLANG_WARN__DUPLICATE_METHOD_MATCH = YES;
				COPY_PHASE_STRIP = YES;
				DEBUG_INFORMATION_FORMAT = "dwarf-with-dsym";
				ENABLE_NS_ASSERTIONS = NO;
				ENABLE_STRICT_OBJC_MSGSEND = YES;
				GCC_C_LANGUAGE_STANDARD = gnu99;
				GCC_WARN_64_TO_32_BIT_CONVERSION = YES;
				GCC_WARN_ABOUT_RETURN_TYPE = YES_ERROR;
				GCC_WARN_UNDECLARED_SELECTOR = YES;
				GCC_WARN_UNINITIALIZED_AUTOS = YES_AGGRESSIVE;
				GCC_WARN_UNUSED_FUNCTION = YES;
				GCC_WARN_UNUSED_VARIABLE = YES;
				MACOSX_DEPLOYMENT_TARGET = 10.10;
				MTL_ENABLE_DEBUG_INFO = NO;
				SDKROOT = macosx;
			};
			name = Release;
		};
		A7EAE50F1A17EAAF00C70476 /* Debug */ = {
			isa = XCBuildConfiguration;
			buildSettings = {
				PRODUCT_NAME = "$(TARGET_NAME)";
			};
			name = Debug;
		};
		A7EAE5101A17EAAF00C70476 /* Release */ = {
			isa = XCBuildConfiguration;
			buildSettings = {
				PRODUCT_NAME = "$(TARGET_NAME)";
			};
			name = Release;
		};
/* End XCBuildConfiguration section */

/* Begin XCConfigurationList section */
		A7EAE5021A17EAAF00C70476 /* Build configuration list for PBXProject "_3DBouncingball" */ = {
			isa = XCConfigurationList;
			buildConfigurations = (
				A7EAE50C1A17EAAF00C70476 /* Debug */,
				A7EAE50D1A17EAAF00C70476 /* Release */,
			);
			defaultConfigurationIsVisible = 0;
			defaultConfigurationName = Release;
		};
		A7EAE50E1A17EAAF00C70476 /* Build configuration list for PBXNativeTarget "_3DBouncingball" */ = {
			isa = XCConfigurationList;
			buildConfigurations = (
				A7EAE50F1A17EAAF00C70476 /* Debug */,
				A7EAE5101A17EAAF00C70476 /* Release */,
			);
			defaultConfigurationIsVisible = 0;
		};
/* End XCConfigurationList section */
	};
	rootObject = A7EAE4FF1A17EAAF00C70476 /* Project object */;
}
